
Microsoft Visual Studio Solution File, Format Version 12.00
# Visual Studio Version 16
VisualStudioVersion = 16.0.32106.194
MinimumVisualStudioVersion = 10.0.40219.1
Project("{FAE04EC0-301F-11D3-BF4B-00C04F79EFBC}") = "CodeFirst_patika_dev", "CodeFirst_patika_dev\CodeFirst_patika_dev.csproj", "{49AA52CC-5709-4AF8-8F5D-46F41F45284C}"
EndProject
Global
	GlobalSection(SolutionConfigurationPlatforms) = preSolution
		Debug|Any CPU = Debug|Any CPU
		Release|Any CPU = Release|Any CPU
	EndGlobalSection
	GlobalSection(ProjectConfigurationPlatforms) = postSolution
		{49AA52CC-5709-4AF8-8F5D-46F41F45284C}.Debug|Any CPU.ActiveCfg = Debug|Any CPU
		{49AA52CC-5709-4AF8-8F5D-46F41F45284C}.Debug|Any CPU.Build.0 = Debug|Any CPU
		{49AA52CC-5709-4AF8-8F5D-46F41F45284C}.Release|Any CPU.ActiveCfg = Release|Any CPU
		{49AA52CC-5709-4AF8-8F5D-46F41F45284C}.Release|Any CPU.Build.0 = Release|Any CPU
	EndGlobalSection
	GlobalSection(SolutionProperties) = preSolution
		HideSolutionNode = FALSE
	EndGlobalSection
	GlobalSection(ExtensibilityGlobals) = postSolution
		SolutionGuid = {E22FA2BF-3045-44FE-92D9-10CFBA5CE78E}
	EndGlobalSection
EndGlobal
